// !$*UTF8*$!
{
	archiveVersion = 1;
	classes = {
	};
	objectVersion = 77;
	objects = {

/* Begin PBXBuildFile section */
		075303B2551EF3E0A2DDEC06 /* ProcessRunner.swift in Sources */ = {isa = PBXBuildFile; fileRef = 0066D129B18227F02F51711C /* ProcessRunner.swift */; };
		09CF6681DB3BD63CCA9B73DF /* ShimStatus.swift in Sources */ = {isa = PBXBuildFile; fileRef = 39982D0809BA72CF0FCA5063 /* ShimStatus.swift */; };
		0A442C81E17374F7A97CA543 /* OnboardingWindowManager.swift in Sources */ = {isa = PBXBuildFile; fileRef = 6E37EBEB2E70E9EF544C6776 /* OnboardingWindowManager.swift */; };
		1568B11111D5D55B27338E32 /* ProvidersSettingsTab.swift in Sources */ = {isa = PBXBuildFile; fileRef = 6748755516C506A573A6E7AF /* ProvidersSettingsTab.swift */; };
		1A0C1D35CC8A5656C091F2AF /* ShimModel.swift in Sources */ = {isa = PBXBuildFile; fileRef = D76FEAAFC7731500C13B92B4 /* ShimModel.swift */; };
		38E8F5F0E552CDF3C97221D4 /* ProviderSetupWindowManager.swift in Sources */ = {isa = PBXBuildFile; fileRef = 6A3D75D7E64A1F26034FF481 /* ProviderSetupWindowManager.swift */; };
		4285E5473F5ED034B6902FF8 /* StartupValidator.swift in Sources */ = {isa = PBXBuildFile; fileRef = 056AA117861EE64F2CEBAB72 /* StartupValidator.swift */; };
		4614916A01CC51D0218CE524 /* KeychainManager.swift in Sources */ = {isa = PBXBuildFile; fileRef = 82214BF7026932AC48F47FD9 /* KeychainManager.swift */; };
		46EFCF3BDAF0E98EFD8EC9F4 /* Assets.xcassets in Resources */ = {isa = PBXBuildFile; fileRef = 8208C35D2E4501436F3CBF34 /* Assets.xcassets */; };
		4A470A4C71513A51DF83B37B /* ApiKeyValidator.swift in Sources */ = {isa = PBXBuildFile; fileRef = D92E2ABFDDC107F468F9CBB4 /* ApiKeyValidator.swift */; };
		4C41D019A9C8D43B86634FD8 /* SettingsView.swift in Sources */ = {isa = PBXBuildFile; fileRef = 27FCAACD5E67AB0D918C6221 /* SettingsView.swift */; };
		52F962019396B52D16670E95 /* ShimManager.swift in Sources */ = {isa = PBXBuildFile; fileRef = 545FF169AB727B29D43C3B10 /* ShimManager.swift */; };
		5370D5C402222E2A4B84D272 /* ModelListRow.swift in Sources */ = {isa = PBXBuildFile; fileRef = A541027142E2E45F73EDDBDE /* ModelListRow.swift */; };
		55BEAEE688CAA40835D7BF5C /* ShimStatusIcon.swift in Sources */ = {isa = PBXBuildFile; fileRef = B504F00B161268564759F9CE /* ShimStatusIcon.swift */; };
		58DBF0665BBA51351002A120 /* AppSettings.swift in Sources */ = {isa = PBXBuildFile; fileRef = B0C1E26AD399C372C5607C69 /* AppSettings.swift */; };
		5B5D8C36C0E083B6A2833E5B /* ProviderCatalog.swift in Sources */ = {isa = PBXBuildFile; fileRef = D5DB58BEC92C7EAA0FD770B0 /* ProviderCatalog.swift */; };
		6610E52BF77D4A99C71DF560 /* GeneralSettingsTab.swift in Sources */ = {isa = PBXBuildFile; fileRef = 7DBA3693890C3C1D5CAF4008 /* GeneralSettingsTab.swift */; };
		68CB2ACE664DB43FC1AFB7A3 /* ModelEditorSheet.swift in Sources */ = {isa = PBXBuildFile; fileRef = 069A933D58596AE4FD5C2877 /* ModelEditorSheet.swift */; };
		6A46F92BD34494FC1D5C33CE /* ModelsJsonManagerTests.swift in Sources */ = {isa = PBXBuildFile; fileRef = 206DD1AF91AF1F93DE99A29F /* ModelsJsonManagerTests.swift */; };
		6B058C6B59C6679FBD141D9A /* ModelsSettingsTab.swift in Sources */ = {isa = PBXBuildFile; fileRef = 42D4E81616FAF06B722CD4D4 /* ModelsSettingsTab.swift */; };
		72FCE2F1F1FB221CE4B2DE09 /* ProcessRunnerTests.swift in Sources */ = {isa = PBXBuildFile; fileRef = D932368BD8501309E54E6B33 /* ProcessRunnerTests.swift */; };
		ADFB56984CAB3D03ED02B0AE /* OnboardingView.swift in Sources */ = {isa = PBXBuildFile; fileRef = 25E33280C5429B61F5834C3B /* OnboardingView.swift */; };
		AF5E13C9456DCB0792CB03F6 /* AdvancedSettingsTab.swift in Sources */ = {isa = PBXBuildFile; fileRef = 27DB01BA850457CD3C54A6A1 /* AdvancedSettingsTab.swift */; };
		B1585733304D2AE013808D8F /* ShimbarApp.swift in Sources */ = {isa = PBXBuildFile; fileRef = AECB1D8213B22B0E3A1E9665 /* ShimbarApp.swift */; };
		B7B14C4C39AF5A2F2C88EE48 /* LoginItemManager.swift in Sources */ = {isa = PBXBuildFile; fileRef = 481027CE46AA9FB8F37BD88E /* LoginItemManager.swift */; };
		BD69AC32E96B1264E4B5A712 /* ShimMenuView.swift in Sources */ = {isa = PBXBuildFile; fileRef = FCB795178DED988F5103FA78 /* ShimMenuView.swift */; };
		C1A09C6A6617CBB646212A16 /* ProviderSetupWizard.swift in Sources */ = {isa = PBXBuildFile; fileRef = BB1FE36D6BBF73AF5F232130 /* ProviderSetupWizard.swift */; };
		C8C7A668D40A63D3C0468DB8 /* KeychainManagerTests.swift in Sources */ = {isa = PBXBuildFile; fileRef = 6A17E94226B9C40783BD3FBA /* KeychainManagerTests.swift */; };
		FAD463AD2896B15863C85B5A /* ApiKeyValidatorTests.swift in Sources */ = {isa = PBXBuildFile; fileRef = 1E72FA82D4FD1543797F9594 /* ApiKeyValidatorTests.swift */; };
		FC3DE6A8FC326FF96EE5A50C /* ModelsJsonManager.swift in Sources */ = {isa = PBXBuildFile; fileRef = 75820BB7C35F43FF8757AA30 /* ModelsJsonManager.swift */; };
/* End PBXBuildFile section */

/* Begin PBXContainerItemProxy section */
		134164D1B12519A61F3993B8 /* PBXContainerItemProxy */ = {
			isa = PBXContainerItemProxy;
			containerPortal = 16624BF50B83EE900B643668 /* Project object */;
			proxyType = 1;
			remoteGlobalIDString = E5433060A38A45F57E36992A;
			remoteInfo = Shimbar;
		};
/* End PBXContainerItemProxy section */

/* Begin PBXFileReference section */
		0066D129B18227F02F51711C /* ProcessRunner.swift */ = {isa = PBXFileReference; lastKnownFileType = sourcecode.swift; path = ProcessRunner.swift; sourceTree = "<group>"; };
		0491C49EB9B363FB4BBA16CD /* Info.plist */ = {isa = PBXFileReference; lastKnownFileType = text.plist; path = Info.plist; sourceTree = "<group>"; };
		056AA117861EE64F2CEBAB72 /* StartupValidator.swift */ = {isa = PBXFileReference; lastKnownFileType = sourcecode.swift; path = StartupValidator.swift; sourceTree = "<group>"; };
		069A933D58596AE4FD5C2877 /* ModelEditorSheet.swift */ = {isa = PBXFileReference; lastKnownFileType = sourcecode.swift; path = ModelEditorSheet.swift; sourceTree = "<group>"; };
		1E72FA82D4FD1543797F9594 /* ApiKeyValidatorTests.swift */ = {isa = PBXFileReference; lastKnownFileType = sourcecode.swift; path = ApiKeyValidatorTests.swift; sourceTree = "<group>"; };
		206DD1AF91AF1F93DE99A29F /* ModelsJsonManagerTests.swift */ = {isa = PBXFileReference; lastKnownFileType = sourcecode.swift; path = ModelsJsonManagerTests.swift; sourceTree = "<group>"; };
		25E33280C5429B61F5834C3B /* OnboardingView.swift */ = {isa = PBXFileReference; lastKnownFileType = sourcecode.swift; path = OnboardingView.swift; sourceTree = "<group>"; };
		26A421B343D32815D6D22284 /* ShimbarTests.xctest */ = {isa = PBXFileReference; explicitFileType = wrapper.cfbundle; includeInIndex = 0; path = ShimbarTests.xctest; sourceTree = BUILT_PRODUCTS_DIR; };
		27DB01BA850457CD3C54A6A1 /* AdvancedSettingsTab.swift */ = {isa = PBXFileReference; lastKnownFileType = sourcecode.swift; path = AdvancedSettingsTab.swift; sourceTree = "<group>"; };
		27FCAACD5E67AB0D918C6221 /* SettingsView.swift */ = {isa = PBXFileReference; lastKnownFileType = sourcecode.swift; path = SettingsView.swift; sourceTree = "<group>"; };
		2CACB73368A84C5CB3C5D58E /* Shimbar.app */ = {isa = PBXFileReference; explicitFileType = wrapper.application; includeInIndex = 0; path = Shimbar.app; sourceTree = BUILT_PRODUCTS_DIR; };
		39982D0809BA72CF0FCA5063 /* ShimStatus.swift */ = {isa = PBXFileReference; lastKnownFileType = sourcecode.swift; path = ShimStatus.swift; sourceTree = "<group>"; };
		3BEB3534948DB0F4C10BE0E8 /* Shimbar.entitlements */ = {isa = PBXFileReference; lastKnownFileType = text.plist.entitlements; path = Shimbar.entitlements; sourceTree = "<group>"; };
		42D4E81616FAF06B722CD4D4 /* ModelsSettingsTab.swift */ = {isa = PBXFileReference; lastKnownFileType = sourcecode.swift; path = ModelsSettingsTab.swift; sourceTree = "<group>"; };
		481027CE46AA9FB8F37BD88E /* LoginItemManager.swift */ = {isa = PBXFileReference; lastKnownFileType = sourcecode.swift; path = LoginItemManager.swift; sourceTree = "<group>"; };
		545FF169AB727B29D43C3B10 /* ShimManager.swift */ = {isa = PBXFileReference; lastKnownFileType = sourcecode.swift; path = ShimManager.swift; sourceTree = "<group>"; };
		6748755516C506A573A6E7AF /* ProvidersSettingsTab.swift */ = {isa = PBXFileReference; lastKnownFileType = sourcecode.swift; path = ProvidersSettingsTab.swift; sourceTree = "<group>"; };
		6A17E94226B9C40783BD3FBA /* KeychainManagerTests.swift */ = {isa = PBXFileReference; lastKnownFileType = sourcecode.swift; path = KeychainManagerTests.swift; sourceTree = "<group>"; };
		6A3D75D7E64A1F26034FF481 /* ProviderSetupWindowManager.swift */ = {isa = PBXFileReference; lastKnownFileType = sourcecode.swift; path = ProviderSetupWindowManager.swift; sourceTree = "<group>"; };
		6E37EBEB2E70E9EF544C6776 /* OnboardingWindowManager.swift */ = {isa = PBXFileReference; lastKnownFileType = sourcecode.swift; path = OnboardingWindowManager.swift; sourceTree = "<group>"; };
		75820BB7C35F43FF8757AA30 /* ModelsJsonManager.swift */ = {isa = PBXFileReference; lastKnownFileType = sourcecode.swift; path = ModelsJsonManager.swift; sourceTree = "<group>"; };
		7DBA3693890C3C1D5CAF4008 /* GeneralSettingsTab.swift */ = {isa = PBXFileReference; lastKnownFileType = sourcecode.swift; path = GeneralSettingsTab.swift; sourceTree = "<group>"; };
		8208C35D2E4501436F3CBF34 /* Assets.xcassets */ = {isa = PBXFileReference; lastKnownFileType = folder.assetcatalog; path = Assets.xcassets; sourceTree = "<group>"; };
		82214BF7026932AC48F47FD9 /* KeychainManager.swift */ = {isa = PBXFileReference; lastKnownFileType = sourcecode.swift; path = KeychainManager.swift; sourceTree = "<group>"; };
		A541027142E2E45F73EDDBDE /* ModelListRow.swift */ = {isa = PBXFileReference; lastKnownFileType = sourcecode.swift; path = ModelListRow.swift; sourceTree = "<group>"; };
		AECB1D8213B22B0E3A1E9665 /* ShimbarApp.swift */ = {isa = PBXFileReference; lastKnownFileType = sourcecode.swift; path = ShimbarApp.swift; sourceTree = "<group>"; };
		B0C1E26AD399C372C5607C69 /* AppSettings.swift */ = {isa = PBXFileReference; lastKnownFileType = sourcecode.swift; path = AppSettings.swift; sourceTree = "<group>"; };
		B504F00B161268564759F9CE /* ShimStatusIcon.swift */ = {isa = PBXFileReference; lastKnownFileType = sourcecode.swift; path = ShimStatusIcon.swift; sourceTree = "<group>"; };
		BB1FE36D6BBF73AF5F232130 /* ProviderSetupWizard.swift */ = {isa = PBXFileReference; lastKnownFileType = sourcecode.swift; path = ProviderSetupWizard.swift; sourceTree = "<group>"; };
		D5DB58BEC92C7EAA0FD770B0 /* ProviderCatalog.swift */ = {isa = PBXFileReference; lastKnownFileType = sourcecode.swift; path = ProviderCatalog.swift; sourceTree = "<group>"; };
		D76FEAAFC7731500C13B92B4 /* ShimModel.swift */ = {isa = PBXFileReference; lastKnownFileType = sourcecode.swift; path = ShimModel.swift; sourceTree = "<group>"; };
		D92E2ABFDDC107F468F9CBB4 /* ApiKeyValidator.swift */ = {isa = PBXFileReference; lastKnownFileType = sourcecode.swift; path = ApiKeyValidator.swift; sourceTree = "<group>"; };
		D932368BD8501309E54E6B33 /* ProcessRunnerTests.swift */ = {isa = PBXFileReference; lastKnownFileType = sourcecode.swift; path = ProcessRunnerTests.swift; sourceTree = "<group>"; };
		FCB795178DED988F5103FA78 /* ShimMenuView.swift */ = {isa = PBXFileReference; lastKnownFileType = sourcecode.swift; path = ShimMenuView.swift; sourceTree = "<group>"; };
/* End PBXFileReference section */

/* Begin PBXGroup section */
		2B57CF296D8703001142414C /* ShimbarTests */ = {
			isa = PBXGroup;
			children = (
				1E72FA82D4FD1543797F9594 /* ApiKeyValidatorTests.swift */,
				6A17E94226B9C40783BD3FBA /* KeychainManagerTests.swift */,
				206DD1AF91AF1F93DE99A29F /* ModelsJsonManagerTests.swift */,
				D932368BD8501309E54E6B33 /* ProcessRunnerTests.swift */,
			);
			path = ShimbarTests;
			sourceTree = "<group>";
		};
		66091D8B3E04649647B9EF52 /* Models */ = {
			isa = PBXGroup;
			children = (
				B0C1E26AD399C372C5607C69 /* AppSettings.swift */,
				D5DB58BEC92C7EAA0FD770B0 /* ProviderCatalog.swift */,
				D76FEAAFC7731500C13B92B4 /* ShimModel.swift */,
				39982D0809BA72CF0FCA5063 /* ShimStatus.swift */,
			);
			path = Models;
			sourceTree = "<group>";
		};
		6F140DEA4A49D52A5AD6838E /* Views */ = {
			isa = PBXGroup;
			children = (
				27DB01BA850457CD3C54A6A1 /* AdvancedSettingsTab.swift */,
				7DBA3693890C3C1D5CAF4008 /* GeneralSettingsTab.swift */,
				069A933D58596AE4FD5C2877 /* ModelEditorSheet.swift */,
				A541027142E2E45F73EDDBDE /* ModelListRow.swift */,
				42D4E81616FAF06B722CD4D4 /* ModelsSettingsTab.swift */,
				25E33280C5429B61F5834C3B /* OnboardingView.swift */,
				BB1FE36D6BBF73AF5F232130 /* ProviderSetupWizard.swift */,
				6748755516C506A573A6E7AF /* ProvidersSettingsTab.swift */,
				27FCAACD5E67AB0D918C6221 /* SettingsView.swift */,
				FCB795178DED988F5103FA78 /* ShimMenuView.swift */,
				B504F00B161268564759F9CE /* ShimStatusIcon.swift */,
			);
			path = Views;
			sourceTree = "<group>";
		};
		E4C0D45ACC24076CA3D7DD34 /* Products */ = {
			isa = PBXGroup;
			children = (
				2CACB73368A84C5CB3C5D58E /* Shimbar.app */,
				26A421B343D32815D6D22284 /* ShimbarTests.xctest */,
			);
			name = Products;
			sourceTree = "<group>";
		};
		EB76C246D517C5A33C754F26 = {
			isa = PBXGroup;
			children = (
				FD6404D4878ECAEB5EB710B1 /* Shimbar */,
				2B57CF296D8703001142414C /* ShimbarTests */,
				E4C0D45ACC24076CA3D7DD34 /* Products */,
			);
			sourceTree = "<group>";
		};
		FD6404D4878ECAEB5EB710B1 /* Shimbar */ = {
			isa = PBXGroup;
			children = (
				D92E2ABFDDC107F468F9CBB4 /* ApiKeyValidator.swift */,
				8208C35D2E4501436F3CBF34 /* Assets.xcassets */,
				0491C49EB9B363FB4BBA16CD /* Info.plist */,
				82214BF7026932AC48F47FD9 /* KeychainManager.swift */,
				481027CE46AA9FB8F37BD88E /* LoginItemManager.swift */,
				75820BB7C35F43FF8757AA30 /* ModelsJsonManager.swift */,
				6E37EBEB2E70E9EF544C6776 /* OnboardingWindowManager.swift */,
				0066D129B18227F02F51711C /* ProcessRunner.swift */,
				6A3D75D7E64A1F26034FF481 /* ProviderSetupWindowManager.swift */,
				3BEB3534948DB0F4C10BE0E8 /* Shimbar.entitlements */,
				AECB1D8213B22B0E3A1E9665 /* ShimbarApp.swift */,
				545FF169AB727B29D43C3B10 /* ShimManager.swift */,
				056AA117861EE64F2CEBAB72 /* StartupValidator.swift */,
				66091D8B3E04649647B9EF52 /* Models */,
				6F140DEA4A49D52A5AD6838E /* Views */,
			);
			path = Shimbar;
			sourceTree = "<group>";
		};
/* End PBXGroup section */

/* Begin PBXNativeTarget section */
		A3A7994EF57A4CC01F4E060A /* ShimbarTests */ = {
			isa = PBXNativeTarget;
			buildConfigurationList = B16D28C2B7BE7B627B795DB2 /* Build configuration list for PBXNativeTarget "ShimbarTests" */;
			buildPhases = (
				023373BFA29D146E5A6BD26C /* Sources */,
			);
			buildRules = (
			);
			dependencies = (
				8904E7FA4227403A077AFEFA /* PBXTargetDependency */,
			);
			name = ShimbarTests;
			packageProductDependencies = (
			);
			productName = ShimbarTests;
			productReference = 26A421B343D32815D6D22284 /* ShimbarTests.xctest */;
			productType = "com.apple.product-type.bundle.unit-test";
		};
		E5433060A38A45F57E36992A /* Shimbar */ = {
			isa = PBXNativeTarget;
			buildConfigurationList = 3F9C0E3DE024DC9384A9A4FF /* Build configuration list for PBXNativeTarget "Shimbar" */;
			buildPhases = (
				D4F2ED1D3D6215C0477D3E56 /* Sources */,
				3CC8CA3EAF882C6B765F7B77 /* Resources */,
			);
			buildRules = (
			);
			dependencies = (
			);
			name = Shimbar;
			packageProductDependencies = (
			);
			productName = Shimbar;
			productReference = 2CACB73368A84C5CB3C5D58E /* Shimbar.app */;
			productType = "com.apple.product-type.application";
		};
/* End PBXNativeTarget section */

/* Begin PBXProject section */
		16624BF50B83EE900B643668 /* Project object */ = {
			isa = PBXProject;
			attributes = {
				BuildIndependentTargetsInParallel = YES;
				LastUpgradeCheck = 1600;
				TargetAttributes = {
				};
			};
			buildConfigurationList = 8F4F58AE975BC47227ECFD8E /* Build configuration list for PBXProject "Shimbar" */;
			developmentRegion = en;
			hasScannedForEncodings = 0;
			knownRegions = (
				Base,
				en,
			);
			mainGroup = EB76C246D517C5A33C754F26;
			minimizedProjectReferenceProxies = 1;
			preferredProjectObjectVersion = 77;
			productRefGroup = E4C0D45ACC24076CA3D7DD34 /* Products */;
			projectDirPath = "";
			projectRoot = "";
			targets = (
				E5433060A38A45F57E36992A /* Shimbar */,
				A3A7994EF57A4CC01F4E060A /* ShimbarTests */,
			);
		};
/* End PBXProject section */

/* Begin PBXResourcesBuildPhase section */
		3CC8CA3EAF882C6B765F7B77 /* Resources */ = {
			isa = PBXResourcesBuildPhase;
			buildActionMask = 2147483647;
			files = (
				46EFCF3BDAF0E98EFD8EC9F4 /* Assets.xcassets in Resources */,
			);
			runOnlyForDeploymentPostprocessing = 0;
		};
/* End PBXResourcesBuildPhase section */

/* Begin PBXSourcesBuildPhase section */
		023373BFA29D146E5A6BD26C /* Sources */ = {
			isa = PBXSourcesBuildPhase;
			buildActionMask = 2147483647;
			files = (
				FAD463AD2896B15863C85B5A /* ApiKeyValidatorTests.swift in Sources */,
				C8C7A668D40A63D3C0468DB8 /* KeychainManagerTests.swift in Sources */,
				6A46F92BD34494FC1D5C33CE /* ModelsJsonManagerTests.swift in Sources */,
				72FCE2F1F1FB221CE4B2DE09 /* ProcessRunnerTests.swift in Sources */,
			);
			runOnlyForDeploymentPostprocessing = 0;
		};
		D4F2ED1D3D6215C0477D3E56 /* Sources */ = {
			isa = PBXSourcesBuildPhase;
			buildActionMask = 2147483647;
			files = (
				AF5E13C9456DCB0792CB03F6 /* AdvancedSettingsTab.swift in Sources */,
				4A470A4C71513A51DF83B37B /* ApiKeyValidator.swift in Sources */,
				58DBF0665BBA51351002A120 /* AppSettings.swift in Sources */,
				6610E52BF77D4A99C71DF560 /* GeneralSettingsTab.swift in Sources */,
				4614916A01CC51D0218CE524 /* KeychainManager.swift in Sources */,
				B7B14C4C39AF5A2F2C88EE48 /* LoginItemManager.swift in Sources */,
				68CB2ACE664DB43FC1AFB7A3 /* ModelEditorSheet.swift in Sources */,
				5370D5C402222E2A4B84D272 /* ModelListRow.swift in Sources */,
				FC3DE6A8FC326FF96EE5A50C /* ModelsJsonManager.swift in Sources */,
				6B058C6B59C6679FBD141D9A /* ModelsSettingsTab.swift in Sources */,
				ADFB56984CAB3D03ED02B0AE /* OnboardingView.swift in Sources */,
				0A442C81E17374F7A97CA543 /* OnboardingWindowManager.swift in Sources */,
				075303B2551EF3E0A2DDEC06 /* ProcessRunner.swift in Sources */,
				5B5D8C36C0E083B6A2833E5B /* ProviderCatalog.swift in Sources */,
				38E8F5F0E552CDF3C97221D4 /* ProviderSetupWindowManager.swift in Sources */,
				C1A09C6A6617CBB646212A16 /* ProviderSetupWizard.swift in Sources */,
				1568B11111D5D55B27338E32 /* ProvidersSettingsTab.swift in Sources */,
				4C41D019A9C8D43B86634FD8 /* SettingsView.swift in Sources */,
				52F962019396B52D16670E95 /* ShimManager.swift in Sources */,
				BD69AC32E96B1264E4B5A712 /* ShimMenuView.swift in Sources */,
				1A0C1D35CC8A5656C091F2AF /* ShimModel.swift in Sources */,
				09CF6681DB3BD63CCA9B73DF /* ShimStatus.swift in Sources */,
				55BEAEE688CAA40835D7BF5C /* ShimStatusIcon.swift in Sources */,
				B1585733304D2AE013808D8F /* ShimbarApp.swift in Sources */,
				4285E5473F5ED034B6902FF8 /* StartupValidator.swift in Sources */,
			);
			runOnlyForDeploymentPostprocessing = 0;
		};
/* End PBXSourcesBuildPhase section */

/* Begin PBXTargetDependency section */
		8904E7FA4227403A077AFEFA /* PBXTargetDependency */ = {
			isa = PBXTargetDependency;
			target = E5433060A38A45F57E36992A /* Shimbar */;
			targetProxy = 134164D1B12519A61F3993B8 /* PBXContainerItemProxy */;
		};
/* End PBXTargetDependency section */

/* Begin XCBuildConfiguration section */
		400EA892EE171B3B087504EF /* Release */ = {
			isa = XCBuildConfiguration;
			buildSettings = {
				ASSETCATALOG_COMPILER_APPICON_NAME = AppIcon;
				CODE_SIGN_ENTITLEMENTS = Shimbar/Shimbar.entitlements;
				COMBINE_HIDPI_IMAGES = YES;
				ENABLE_TESTABILITY = YES;
				INFOPLIST_FILE = Shimbar/Info.plist;
				LD_RUNPATH_SEARCH_PATHS = "$(inherited) @executable_path/../Frameworks";
				PRODUCT_NAME = Shimbar;
			};
			name = Release;
		};
		9EFD433BD8AECE11603AB53F /* Debug */ = {
			isa = XCBuildConfiguration;
			buildSettings = {
				CODE_SIGN_IDENTITY = "-";
				ENABLE_HARDENED_RUNTIME = YES;
				MACOSX_DEPLOYMENT_TARGET = 14.0;
				PRODUCT_BUNDLE_IDENTIFIER = com.shimbar.app;
				SDKROOT = macosx;
				SWIFT_VERSION = 5.10;
			};
			name = Debug;
		};
		BD6AF968621EB8939DB038E4 /* Debug */ = {
			isa = XCBuildConfiguration;
			buildSettings = {
				BUNDLE_LOADER = "$(TEST_HOST)";
				CODE_SIGN_IDENTITY = "-";
				GENERATE_INFOPLIST_FILE = YES;
				PRODUCT_NAME = ShimbarTests;
				TEST_HOST = "$(BUILT_PRODUCTS_DIR)/Shimbar.app/Contents/MacOS/Shimbar";
			};
			name = Debug;
		};
		E38884F3373F12434158F929 /* Debug */ = {
			isa = XCBuildConfiguration;
			buildSettings = {
				ASSETCATALOG_COMPILER_APPICON_NAME = AppIcon;
				CODE_SIGN_ENTITLEMENTS = Shimbar/Shimbar.entitlements;
				COMBINE_HIDPI_IMAGES = YES;
				ENABLE_TESTABILITY = YES;
				INFOPLIST_FILE = Shimbar/Info.plist;
				LD_RUNPATH_SEARCH_PATHS = "$(inherited) @executable_path/../Frameworks";
				PRODUCT_NAME = Shimbar;
			};
			name = Debug;
		};
		FD86AF48294390C2C1A53672 /* Release */ = {
			isa = XCBuildConfiguration;
			buildSettings = {
				CODE_SIGN_IDENTITY = "-";
				ENABLE_HARDENED_RUNTIME = YES;
				MACOSX_DEPLOYMENT_TARGET = 14.0;
				PRODUCT_BUNDLE_IDENTIFIER = com.shimbar.app;
				SDKROOT = macosx;
				SWIFT_VERSION = 5.10;
			};
			name = Release;
		};
		FFFE4E74722B72ABCB4916F5 /* Release */ = {
			isa = XCBuildConfiguration;
			buildSettings = {
				BUNDLE_LOADER = "$(TEST_HOST)";
				CODE_SIGN_IDENTITY = "-";
				GENERATE_INFOPLIST_FILE = YES;
				PRODUCT_NAME = ShimbarTests;
				TEST_HOST = "$(BUILT_PRODUCTS_DIR)/Shimbar.app/Contents/MacOS/Shimbar";
			};
			name = Release;
		};
/* End XCBuildConfiguration section */

/* Begin XCConfigurationList section */
		3F9C0E3DE024DC9384A9A4FF /* Build configuration list for PBXNativeTarget "Shimbar" */ = {
			isa = XCConfigurationList;
			buildConfigurations = (
				E38884F3373F12434158F929 /* Debug */,
				400EA892EE171B3B087504EF /* Release */,
			);
			defaultConfigurationIsVisible = 0;
			defaultConfigurationName = Debug;
		};
		8F4F58AE975BC47227ECFD8E /* Build configuration list for PBXProject "Shimbar" */ = {
			isa = XCConfigurationList;
			buildConfigurations = (
				9EFD433BD8AECE11603AB53F /* Debug */,
				FD86AF48294390C2C1A53672 /* Release */,
			);
			defaultConfigurationIsVisible = 0;
			defaultConfigurationName = Debug;
		};
		B16D28C2B7BE7B627B795DB2 /* Build configuration list for PBXNativeTarget "ShimbarTests" */ = {
			isa = XCConfigurationList;
			buildConfigurations = (
				BD6AF968621EB8939DB038E4 /* Debug */,
				FFFE4E74722B72ABCB4916F5 /* Release */,
			);
			defaultConfigurationIsVisible = 0;
			defaultConfigurationName = Debug;
		};
/* End XCConfigurationList section */
	};
	rootObject = 16624BF50B83EE900B643668 /* Project object */;
}
